
Microsoft Visual Studio Solution File, Format Version 12.00
# Visual Studio 15
VisualStudioVersion = 15.0.28307.168
MinimumVisualStudioVersion = 10.0.40219.1
Project("{FAE04EC0-301F-11D3-BF4B-00C04F79EFBC}") = "TaskTest", "TaskTest\TaskTest.csproj", "{1BFECB5D-33E9-4F56-807B-93C1263B653D}"
EndProject
Global
	GlobalSection(SolutionConfigurationPlatforms) = preSolution
		Debug|Any CPU = Debug|Any CPU
		Release|Any CPU = Release|Any CPU
	EndGlobalSection
	GlobalSection(ProjectConfigurationPlatforms) = postSolution
		{1BFECB5D-33E9-4F56-807B-93C1263B653D}.Debug|Any CPU.ActiveCfg = Debug|Any CPU
		{1BFECB5D-33E9-4F56-807B-93C1263B653D}.Debug|Any CPU.Build.0 = Debug|Any CPU
		{1BFECB5D-33E9-4F56-807B-93C1263B653D}.Release|Any CPU.ActiveCfg = Release|Any CPU
		{1BFECB5D-33E9-4F56-807B-93C1263B653D}.Release|Any CPU.Build.0 = Release|Any CPU
	EndGlobalSection
	GlobalSection(SolutionProperties) = preSolution
		HideSolutionNode = FALSE
	EndGlobalSection
	GlobalSection(ExtensibilityGlobals) = postSolution
		SolutionGuid = {D771DD4A-0263-4227-8B85-29002433BE15}
	EndGlobalSection
EndGlobal
