
Microsoft Visual Studio Solution File, Format Version 12.00
# Visual Studio 15
VisualStudioVersion = 15.0.28307.168
MinimumVisualStudioVersion = 10.0.40219.1
Project("{FAE04EC0-301F-11D3-BF4B-00C04F79EFBC}") = "Event", "Event\Event.csproj", "{95371C33-735F-4EE5-B9C8-BBAD5D33CF4E}"
EndProject
Global
	GlobalSection(SolutionConfigurationPlatforms) = preSolution
		Debug|Any CPU = Debug|Any CPU
		Release|Any CPU = Release|Any CPU
	EndGlobalSection
	GlobalSection(ProjectConfigurationPlatforms) = postSolution
		{95371C33-735F-4EE5-B9C8-BBAD5D33CF4E}.Debug|Any CPU.ActiveCfg = Debug|Any CPU
		{95371C33-735F-4EE5-B9C8-BBAD5D33CF4E}.Debug|Any CPU.Build.0 = Debug|Any CPU
		{95371C33-735F-4EE5-B9C8-BBAD5D33CF4E}.Release|Any CPU.ActiveCfg = Release|Any CPU
		{95371C33-735F-4EE5-B9C8-BBAD5D33CF4E}.Release|Any CPU.Build.0 = Release|Any CPU
	EndGlobalSection
	GlobalSection(SolutionProperties) = preSolution
		HideSolutionNode = FALSE
	EndGlobalSection
	GlobalSection(ExtensibilityGlobals) = postSolution
		SolutionGuid = {FA4D7376-518D-4D9B-A692-636410864F0D}
	EndGlobalSection
EndGlobal
