
Microsoft Visual Studio Solution File, Format Version 12.00
# Visual Studio 15
VisualStudioVersion = 15.0.28307.168
MinimumVisualStudioVersion = 10.0.40219.1
Project("{FAE04EC0-301F-11D3-BF4B-00C04F79EFBC}") = "Dynamictest", "Dynamictest\Dynamictest.csproj", "{9C1ED143-8166-4EE0-A3EC-661D35EBF935}"
EndProject
Global
	GlobalSection(SolutionConfigurationPlatforms) = preSolution
		Debug|Any CPU = Debug|Any CPU
		Release|Any CPU = Release|Any CPU
	EndGlobalSection
	GlobalSection(ProjectConfigurationPlatforms) = postSolution
		{9C1ED143-8166-4EE0-A3EC-661D35EBF935}.Debug|Any CPU.ActiveCfg = Debug|Any CPU
		{9C1ED143-8166-4EE0-A3EC-661D35EBF935}.Debug|Any CPU.Build.0 = Debug|Any CPU
		{9C1ED143-8166-4EE0-A3EC-661D35EBF935}.Release|Any CPU.ActiveCfg = Release|Any CPU
		{9C1ED143-8166-4EE0-A3EC-661D35EBF935}.Release|Any CPU.Build.0 = Release|Any CPU
	EndGlobalSection
	GlobalSection(SolutionProperties) = preSolution
		HideSolutionNode = FALSE
	EndGlobalSection
	GlobalSection(ExtensibilityGlobals) = postSolution
		SolutionGuid = {93BFE79D-FE29-4D72-9411-51F5625C4DBB}
	EndGlobalSection
EndGlobal
