
Microsoft Visual Studio Solution File, Format Version 12.00
# Visual Studio 15
VisualStudioVersion = 15.0.28307.168
MinimumVisualStudioVersion = 10.0.40219.1
Project("{FAE04EC0-301F-11D3-BF4B-00C04F79EFBC}") = "ExtensionMethods", "ExtensionMethods\ExtensionMethods.csproj", "{605DFDA0-5F0D-4582-96CC-C666FAEF85FB}"
EndProject
Global
	GlobalSection(SolutionConfigurationPlatforms) = preSolution
		Debug|Any CPU = Debug|Any CPU
		Release|Any CPU = Release|Any CPU
	EndGlobalSection
	GlobalSection(ProjectConfigurationPlatforms) = postSolution
		{605DFDA0-5F0D-4582-96CC-C666FAEF85FB}.Debug|Any CPU.ActiveCfg = Debug|Any CPU
		{605DFDA0-5F0D-4582-96CC-C666FAEF85FB}.Debug|Any CPU.Build.0 = Debug|Any CPU
		{605DFDA0-5F0D-4582-96CC-C666FAEF85FB}.Release|Any CPU.ActiveCfg = Release|Any CPU
		{605DFDA0-5F0D-4582-96CC-C666FAEF85FB}.Release|Any CPU.Build.0 = Release|Any CPU
	EndGlobalSection
	GlobalSection(SolutionProperties) = preSolution
		HideSolutionNode = FALSE
	EndGlobalSection
	GlobalSection(ExtensibilityGlobals) = postSolution
		SolutionGuid = {16231FCD-6784-4FF4-8740-3209E209DCE8}
	EndGlobalSection
EndGlobal
